
Microsoft Visual Studio Solution File, Format Version 12.00
# Visual Studio 14
VisualStudioVersion = 14.0.24720.0
MinimumVisualStudioVersion = 10.0.40219.1
Project("{FAE04EC0-301F-11D3-BF4B-00C04F79EFBC}") = "SocketsChat_WPF", "SocketsChat_WPF\SocketsChat_WPF.csproj", "{FB5C5C6C-7BC4-41BC-8BA8-768B74E00C06}"
EndProject
Project("{FAE04EC0-301F-11D3-BF4B-00C04F79EFBC}") = "SocketsChatServer", "SocketsChatServer\SocketsChatServer.csproj", "{DE82CC12-153C-401B-BA06-E0FA1745FC4C}"
EndProject
Project("{FAE04EC0-301F-11D3-BF4B-00C04F79EFBC}") = "UnitTests", "UnitTests\UnitTests.csproj", "{575ADA31-E8D8-4F9A-838F-4DBE37C8865F}"
EndProject
Project("{FAE04EC0-301F-11D3-BF4B-00C04F79EFBC}") = "NetworkExtensions", "NetworkExtensions\NetworkExtensions.csproj", "{A07649BB-2358-4466-9168-91B591F87C93}"
EndProject
Global
	GlobalSection(SolutionConfigurationPlatforms) = preSolution
		Debug|Any CPU = Debug|Any CPU
		Release|Any CPU = Release|Any CPU
	EndGlobalSection
	GlobalSection(ProjectConfigurationPlatforms) = postSolution
		{FB5C5C6C-7BC4-41BC-8BA8-768B74E00C06}.Debug|Any CPU.ActiveCfg = Debug|Any CPU
		{FB5C5C6C-7BC4-41BC-8BA8-768B74E00C06}.Debug|Any CPU.Build.0 = Debug|Any CPU
		{FB5C5C6C-7BC4-41BC-8BA8-768B74E00C06}.Release|Any CPU.ActiveCfg = Release|Any CPU
		{FB5C5C6C-7BC4-41BC-8BA8-768B74E00C06}.Release|Any CPU.Build.0 = Release|Any CPU
		{DE82CC12-153C-401B-BA06-E0FA1745FC4C}.Debug|Any CPU.ActiveCfg = Debug|Any CPU
		{DE82CC12-153C-401B-BA06-E0FA1745FC4C}.Debug|Any CPU.Build.0 = Debug|Any CPU
		{DE82CC12-153C-401B-BA06-E0FA1745FC4C}.Release|Any CPU.ActiveCfg = Release|Any CPU
		{DE82CC12-153C-401B-BA06-E0FA1745FC4C}.Release|Any CPU.Build.0 = Release|Any CPU
		{575ADA31-E8D8-4F9A-838F-4DBE37C8865F}.Debug|Any CPU.ActiveCfg = Debug|Any CPU
		{575ADA31-E8D8-4F9A-838F-4DBE37C8865F}.Debug|Any CPU.Build.0 = Debug|Any CPU
		{575ADA31-E8D8-4F9A-838F-4DBE37C8865F}.Release|Any CPU.ActiveCfg = Release|Any CPU
		{575ADA31-E8D8-4F9A-838F-4DBE37C8865F}.Release|Any CPU.Build.0 = Release|Any CPU
		{A07649BB-2358-4466-9168-91B591F87C93}.Debug|Any CPU.ActiveCfg = Debug|Any CPU
		{A07649BB-2358-4466-9168-91B591F87C93}.Debug|Any CPU.Build.0 = Debug|Any CPU
		{A07649BB-2358-4466-9168-91B591F87C93}.Release|Any CPU.ActiveCfg = Release|Any CPU
		{A07649BB-2358-4466-9168-91B591F87C93}.Release|Any CPU.Build.0 = Release|Any CPU
	EndGlobalSection
	GlobalSection(SolutionProperties) = preSolution
		HideSolutionNode = FALSE
	EndGlobalSection
EndGlobal
